
Microsoft Visual Studio Solution File, Format Version 12.00
# Visual Studio Version 17
VisualStudioVersion = 17.4.33213.308
MinimumVisualStudioVersion = 10.0.40219.1
Project("{FAE04EC0-301F-11D3-BF4B-00C04F79EFBC}") = "ADBook-UC15-JSON", "ADBook-UC15-JSON\ADBook-UC15-JSON.csproj", "{435611C9-AF5A-4BEA-9B16-0371A55544CA}"
EndProject
Global
	GlobalSection(SolutionConfigurationPlatforms) = preSolution
		Debug|Any CPU = Debug|Any CPU
		Release|Any CPU = Release|Any CPU
	EndGlobalSection
	GlobalSection(ProjectConfigurationPlatforms) = postSolution
		{435611C9-AF5A-4BEA-9B16-0371A55544CA}.Debug|Any CPU.ActiveCfg = Debug|Any CPU
		{435611C9-AF5A-4BEA-9B16-0371A55544CA}.Debug|Any CPU.Build.0 = Debug|Any CPU
		{435611C9-AF5A-4BEA-9B16-0371A55544CA}.Release|Any CPU.ActiveCfg = Release|Any CPU
		{435611C9-AF5A-4BEA-9B16-0371A55544CA}.Release|Any CPU.Build.0 = Release|Any CPU
	EndGlobalSection
	GlobalSection(SolutionProperties) = preSolution
		HideSolutionNode = FALSE
	EndGlobalSection
	GlobalSection(ExtensibilityGlobals) = postSolution
		SolutionGuid = {433F2CD0-10B5-422A-96BC-B2A793EEA4D7}
	EndGlobalSection
EndGlobal
